
Microsoft Visual Studio Solution File, Format Version 12.00
# Visual Studio Version 17
VisualStudioVersion = 17.12.35527.113
MinimumVisualStudioVersion = 10.0.40219.1
Project("{FAE04EC0-301F-11D3-BF4B-00C04F79EFBC}") = "Ex03.GarageLogic", "Ex03.GarageLogic\Ex03.GarageLogic.csproj", "{DE7DEAE8-27E7-412C-AA9B-0B2C51FE296A}"
EndProject
Project("{FAE04EC0-301F-11D3-BF4B-00C04F79EFBC}") = "Ex03.ConsoleUI", "Ex03.ConsoleUI\Ex03.ConsoleUI.csproj", "{ECE99DD8-30D4-4B88-8138-7B46E4084F70}"
EndProject
Global
	GlobalSection(SolutionConfigurationPlatforms) = preSolution
		Debug|Any CPU = Debug|Any CPU
		Release|Any CPU = Release|Any CPU
	EndGlobalSection
	GlobalSection(ProjectConfigurationPlatforms) = postSolution
		{DE7DEAE8-27E7-412C-AA9B-0B2C51FE296A}.Debug|Any CPU.ActiveCfg = Debug|Any CPU
		{DE7DEAE8-27E7-412C-AA9B-0B2C51FE296A}.Debug|Any CPU.Build.0 = Debug|Any CPU
		{DE7DEAE8-27E7-412C-AA9B-0B2C51FE296A}.Release|Any CPU.ActiveCfg = Release|Any CPU
		{DE7DEAE8-27E7-412C-AA9B-0B2C51FE296A}.Release|Any CPU.Build.0 = Release|Any CPU
		{ECE99DD8-30D4-4B88-8138-7B46E4084F70}.Debug|Any CPU.ActiveCfg = Debug|Any CPU
		{ECE99DD8-30D4-4B88-8138-7B46E4084F70}.Debug|Any CPU.Build.0 = Debug|Any CPU
		{ECE99DD8-30D4-4B88-8138-7B46E4084F70}.Release|Any CPU.ActiveCfg = Release|Any CPU
		{ECE99DD8-30D4-4B88-8138-7B46E4084F70}.Release|Any CPU.Build.0 = Release|Any CPU
	EndGlobalSection
	GlobalSection(SolutionProperties) = preSolution
		HideSolutionNode = FALSE
	EndGlobalSection
EndGlobal
